// !$*UTF8*$!
{
	archiveVersion = 1;
	classes = {
	};
	objectVersion = 51;
	objects = {

/* Begin PBXBuildFile section */
		CC7E8509D1FA095172D9D7E2 /* Pods_TheMovieSearcher.framework in Frameworks */ = {isa = PBXBuildFile; fileRef = BB77104F9C0A2F8EA04E0930 /* Pods_TheMovieSearcher.framework */; };
		E8CCEA682503D12400FC0035 /* AppDelegate.swift in Sources */ = {isa = PBXBuildFile; fileRef = E8CCEA672503D12400FC0035 /* AppDelegate.swift */; };
		E8CCEA6A2503D12400FC0035 /* SceneDelegate.swift in Sources */ = {isa = PBXBuildFile; fileRef = E8CCEA692503D12400FC0035 /* SceneDelegate.swift */; };
		E8CCEA6C2503D12400FC0035 /* ViewController.swift in Sources */ = {isa = PBXBuildFile; fileRef = E8CCEA6B2503D12400FC0035 /* ViewController.swift */; };
		E8CCEA6F2503D12400FC0035 /* Main.storyboard in Resources */ = {isa = PBXBuildFile; fileRef = E8CCEA6D2503D12400FC0035 /* Main.storyboard */; };
		E8CCEA712503D12700FC0035 /* Assets.xcassets in Resources */ = {isa = PBXBuildFile; fileRef = E8CCEA702503D12700FC0035 /* Assets.xcassets */; };
		E8CCEA742503D12700FC0035 /* LaunchScreen.storyboard in Resources */ = {isa = PBXBuildFile; fileRef = E8CCEA722503D12700FC0035 /* LaunchScreen.storyboard */; };
		E8CCEA7D2503D29500FC0035 /* MoviesRepository.swift in Sources */ = {isa = PBXBuildFile; fileRef = E8CCEA7C2503D29500FC0035 /* MoviesRepository.swift */; };
		E8CCEA812503D2C000FC0035 /* MovieDTO.swift in Sources */ = {isa = PBXBuildFile; fileRef = E8CCEA802503D2C000FC0035 /* MovieDTO.swift */; };
		E8CCEA852503D3BA00FC0035 /* MovieSearchViewModel.swift in Sources */ = {isa = PBXBuildFile; fileRef = E8CCEA842503D3BA00FC0035 /* MovieSearchViewModel.swift */; };
		E8CCEA872503D6EF00FC0035 /* MovieModel.swift in Sources */ = {isa = PBXBuildFile; fileRef = E8CCEA862503D6EF00FC0035 /* MovieModel.swift */; };
		E8CCEA892503D73B00FC0035 /* MovieSearchQuery.swift in Sources */ = {isa = PBXBuildFile; fileRef = E8CCEA882503D73B00FC0035 /* MovieSearchQuery.swift */; };
/* End PBXBuildFile section */

/* Begin PBXFileReference section */
		A2098F38788BE1D72F1C5651 /* Pods-TheMovieSearcher.release.xcconfig */ = {isa = PBXFileReference; includeInIndex = 1; lastKnownFileType = text.xcconfig; name = "Pods-TheMovieSearcher.release.xcconfig"; path = "Target Support Files/Pods-TheMovieSearcher/Pods-TheMovieSearcher.release.xcconfig"; sourceTree = "<group>"; };
		BB77104F9C0A2F8EA04E0930 /* Pods_TheMovieSearcher.framework */ = {isa = PBXFileReference; explicitFileType = wrapper.framework; includeInIndex = 0; path = Pods_TheMovieSearcher.framework; sourceTree = BUILT_PRODUCTS_DIR; };
		E8CCEA642503D12400FC0035 /* TheMovieSearcher.app */ = {isa = PBXFileReference; explicitFileType = wrapper.application; includeInIndex = 0; path = TheMovieSearcher.app; sourceTree = BUILT_PRODUCTS_DIR; };
		E8CCEA672503D12400FC0035 /* AppDelegate.swift */ = {isa = PBXFileReference; lastKnownFileType = sourcecode.swift; path = AppDelegate.swift; sourceTree = "<group>"; };
		E8CCEA692503D12400FC0035 /* SceneDelegate.swift */ = {isa = PBXFileReference; lastKnownFileType = sourcecode.swift; path = SceneDelegate.swift; sourceTree = "<group>"; };
		E8CCEA6B2503D12400FC0035 /* ViewController.swift */ = {isa = PBXFileReference; lastKnownFileType = sourcecode.swift; path = ViewController.swift; sourceTree = "<group>"; };
		E8CCEA6E2503D12400FC0035 /* Base */ = {isa = PBXFileReference; lastKnownFileType = file.storyboard; name = Base; path = Base.lproj/Main.storyboard; sourceTree = "<group>"; };
		E8CCEA702503D12700FC0035 /* Assets.xcassets */ = {isa = PBXFileReference; lastKnownFileType = folder.assetcatalog; path = Assets.xcassets; sourceTree = "<group>"; };
		E8CCEA732503D12700FC0035 /* Base */ = {isa = PBXFileReference; lastKnownFileType = file.storyboard; name = Base; path = Base.lproj/LaunchScreen.storyboard; sourceTree = "<group>"; };
		E8CCEA752503D12700FC0035 /* Info.plist */ = {isa = PBXFileReference; lastKnownFileType = text.plist.xml; path = Info.plist; sourceTree = "<group>"; };
		E8CCEA7C2503D29500FC0035 /* MoviesRepository.swift */ = {isa = PBXFileReference; lastKnownFileType = sourcecode.swift; path = MoviesRepository.swift; sourceTree = "<group>"; };
		E8CCEA802503D2C000FC0035 /* MovieDTO.swift */ = {isa = PBXFileReference; lastKnownFileType = sourcecode.swift; path = MovieDTO.swift; sourceTree = "<group>"; };
		E8CCEA842503D3BA00FC0035 /* MovieSearchViewModel.swift */ = {isa = PBXFileReference; lastKnownFileType = sourcecode.swift; path = MovieSearchViewModel.swift; sourceTree = "<group>"; };
		E8CCEA862503D6EF00FC0035 /* MovieModel.swift */ = {isa = PBXFileReference; lastKnownFileType = sourcecode.swift; path = MovieModel.swift; sourceTree = "<group>"; };
		E8CCEA882503D73B00FC0035 /* MovieSearchQuery.swift */ = {isa = PBXFileReference; lastKnownFileType = sourcecode.swift; path = MovieSearchQuery.swift; sourceTree = "<group>"; };
		F12C0381044472AC93E5ADE1 /* Pods-TheMovieSearcher.debug.xcconfig */ = {isa = PBXFileReference; includeInIndex = 1; lastKnownFileType = text.xcconfig; name = "Pods-TheMovieSearcher.debug.xcconfig"; path = "Target Support Files/Pods-TheMovieSearcher/Pods-TheMovieSearcher.debug.xcconfig"; sourceTree = "<group>"; };
/* End PBXFileReference section */

/* Begin PBXFrameworksBuildPhase section */
		E8CCEA612503D12400FC0035 /* Frameworks */ = {
			isa = PBXFrameworksBuildPhase;
			buildActionMask = 2147483647;
			files = (
				CC7E8509D1FA095172D9D7E2 /* Pods_TheMovieSearcher.framework in Frameworks */,
			);
			runOnlyForDeploymentPostprocessing = 0;
		};
/* End PBXFrameworksBuildPhase section */

/* Begin PBXGroup section */
		5CB765A2F5E1AB7ECAB9BC06 /* Pods */ = {
			isa = PBXGroup;
			children = (
				F12C0381044472AC93E5ADE1 /* Pods-TheMovieSearcher.debug.xcconfig */,
				A2098F38788BE1D72F1C5651 /* Pods-TheMovieSearcher.release.xcconfig */,
			);
			path = Pods;
			sourceTree = "<group>";
		};
		D3DF0F2F7955D857626AF37A /* Frameworks */ = {
			isa = PBXGroup;
			children = (
				BB77104F9C0A2F8EA04E0930 /* Pods_TheMovieSearcher.framework */,
			);
			name = Frameworks;
			sourceTree = "<group>";
		};
		E8CCEA5B2503D12400FC0035 = {
			isa = PBXGroup;
			children = (
				E8CCEA662503D12400FC0035 /* TheMovieSearcher */,
				E8CCEA652503D12400FC0035 /* Products */,
				5CB765A2F5E1AB7ECAB9BC06 /* Pods */,
				D3DF0F2F7955D857626AF37A /* Frameworks */,
			);
			sourceTree = "<group>";
		};
		E8CCEA652503D12400FC0035 /* Products */ = {
			isa = PBXGroup;
			children = (
				E8CCEA642503D12400FC0035 /* TheMovieSearcher.app */,
			);
			name = Products;
			sourceTree = "<group>";
		};
		E8CCEA662503D12400FC0035 /* TheMovieSearcher */ = {
			isa = PBXGroup;
			children = (
				E8CCEA7B2503D25E00FC0035 /* Repositories */,
				E8CCEA672503D12400FC0035 /* AppDelegate.swift */,
				E8CCEA692503D12400FC0035 /* SceneDelegate.swift */,
				E8CCEA702503D12700FC0035 /* Assets.xcassets */,
				E8CCEA722503D12700FC0035 /* LaunchScreen.storyboard */,
				E8CCEA752503D12700FC0035 /* Info.plist */,
			);
			path = TheMovieSearcher;
			sourceTree = "<group>";
		};
		E8CCEA7B2503D25E00FC0035 /* Repositories */ = {
			isa = PBXGroup;
			children = (
				E8CCEA8A2503DF0300FC0035 /* Queries */,
				E8CCEA7F2503D2AA00FC0035 /* Model */,
				E8CCEA7E2503D2A100FC0035 /* DTO */,
				E8CCEA7C2503D29500FC0035 /* MoviesRepository.swift */,
				E8CCEA822503D39A00FC0035 /* View */,
			);
			path = Repositories;
			sourceTree = "<group>";
		};
		E8CCEA7E2503D2A100FC0035 /* DTO */ = {
			isa = PBXGroup;
			children = (
				E8CCEA802503D2C000FC0035 /* MovieDTO.swift */,
			);
			path = DTO;
			sourceTree = "<group>";
		};
		E8CCEA7F2503D2AA00FC0035 /* Model */ = {
			isa = PBXGroup;
			children = (
				E8CCEA862503D6EF00FC0035 /* MovieModel.swift */,
			);
			path = Model;
			sourceTree = "<group>";
		};
		E8CCEA822503D39A00FC0035 /* View */ = {
			isa = PBXGroup;
			children = (
				E8CCEA832503D3A200FC0035 /* ViewModel */,
				E8CCEA6B2503D12400FC0035 /* ViewController.swift */,
				E8CCEA6D2503D12400FC0035 /* Main.storyboard */,
			);
			path = View;
			sourceTree = "<group>";
		};
		E8CCEA832503D3A200FC0035 /* ViewModel */ = {
			isa = PBXGroup;
			children = (
				E8CCEA842503D3BA00FC0035 /* MovieSearchViewModel.swift */,
			);
			path = ViewModel;
			sourceTree = "<group>";
		};
		E8CCEA8A2503DF0300FC0035 /* Queries */ = {
			isa = PBXGroup;
			children = (
				E8CCEA882503D73B00FC0035 /* MovieSearchQuery.swift */,
			);
			path = Queries;
			sourceTree = "<group>";
		};
/* End PBXGroup section */

/* Begin PBXNativeTarget section */
		E8CCEA632503D12400FC0035 /* TheMovieSearcher */ = {
			isa = PBXNativeTarget;
			buildConfigurationList = E8CCEA782503D12700FC0035 /* Build configuration list for PBXNativeTarget "TheMovieSearcher" */;
			buildPhases = (
				C4A190F8A09AC5675BE2B580 /* [CP] Check Pods Manifest.lock */,
				E8CCEA602503D12400FC0035 /* Sources */,
				E8CCEA612503D12400FC0035 /* Frameworks */,
				E8CCEA622503D12400FC0035 /* Resources */,
				A4B9C42BB5FA86B5F8CC5CD2 /* [CP] Embed Pods Frameworks */,
			);
			buildRules = (
			);
			dependencies = (
			);
			name = TheMovieSearcher;
			productName = TheMovieSearcher;
			productReference = E8CCEA642503D12400FC0035 /* TheMovieSearcher.app */;
			productType = "com.apple.product-type.application";
		};
/* End PBXNativeTarget section */

/* Begin PBXProject section */
		E8CCEA5C2503D12400FC0035 /* Project object */ = {
			isa = PBXProject;
			attributes = {
				LastSwiftUpdateCheck = 1170;
				LastUpgradeCheck = 1170;
				ORGANIZATIONNAME = "Алешин Игорь Эдуардович";
				TargetAttributes = {
					E8CCEA632503D12400FC0035 = {
						CreatedOnToolsVersion = 11.7;
					};
				};
			};
			buildConfigurationList = E8CCEA5F2503D12400FC0035 /* Build configuration list for PBXProject "TheMovieSearcher" */;
			compatibilityVersion = "Xcode 9.3";
			developmentRegion = en;
			hasScannedForEncodings = 0;
			knownRegions = (
				en,
				Base,
			);
			mainGroup = E8CCEA5B2503D12400FC0035;
			productRefGroup = E8CCEA652503D12400FC0035 /* Products */;
			projectDirPath = "";
			projectRoot = "";
			targets = (
				E8CCEA632503D12400FC0035 /* TheMovieSearcher */,
			);
		};
/* End PBXProject section */

/* Begin PBXResourcesBuildPhase section */
		E8CCEA622503D12400FC0035 /* Resources */ = {
			isa = PBXResourcesBuildPhase;
			buildActionMask = 2147483647;
			files = (
				E8CCEA742503D12700FC0035 /* LaunchScreen.storyboard in Resources */,
				E8CCEA712503D12700FC0035 /* Assets.xcassets in Resources */,
				E8CCEA6F2503D12400FC0035 /* Main.storyboard in Resources */,
			);
			runOnlyForDeploymentPostprocessing = 0;
		};
/* End PBXResourcesBuildPhase section */

/* Begin PBXShellScriptBuildPhase section */
		A4B9C42BB5FA86B5F8CC5CD2 /* [CP] Embed Pods Frameworks */ = {
			isa = PBXShellScriptBuildPhase;
			buildActionMask = 2147483647;
			files = (
			);
			inputFileListPaths = (
				"${PODS_ROOT}/Target Support Files/Pods-TheMovieSearcher/Pods-TheMovieSearcher-frameworks-${CONFIGURATION}-input-files.xcfilelist",
			);
			name = "[CP] Embed Pods Frameworks";
			outputFileListPaths = (
				"${PODS_ROOT}/Target Support Files/Pods-TheMovieSearcher/Pods-TheMovieSearcher-frameworks-${CONFIGURATION}-output-files.xcfilelist",
			);
			runOnlyForDeploymentPostprocessing = 0;
			shellPath = /bin/sh;
			shellScript = "\"${PODS_ROOT}/Target Support Files/Pods-TheMovieSearcher/Pods-TheMovieSearcher-frameworks.sh\"\n";
			showEnvVarsInLog = 0;
		};
		C4A190F8A09AC5675BE2B580 /* [CP] Check Pods Manifest.lock */ = {
			isa = PBXShellScriptBuildPhase;
			buildActionMask = 2147483647;
			files = (
			);
			inputFileListPaths = (
			);
			inputPaths = (
				"${PODS_PODFILE_DIR_PATH}/Podfile.lock",
				"${PODS_ROOT}/Manifest.lock",
			);
			name = "[CP] Check Pods Manifest.lock";
			outputFileListPaths = (
			);
			outputPaths = (
				"$(DERIVED_FILE_DIR)/Pods-TheMovieSearcher-checkManifestLockResult.txt",
			);
			runOnlyForDeploymentPostprocessing = 0;
			shellPath = /bin/sh;
			shellScript = "diff \"${PODS_PODFILE_DIR_PATH}/Podfile.lock\" \"${PODS_ROOT}/Manifest.lock\" > /dev/null\nif [ $? != 0 ] ; then\n    # print error to STDERR\n    echo \"error: The sandbox is not in sync with the Podfile.lock. Run 'pod install' or update your CocoaPods installation.\" >&2\n    exit 1\nfi\n# This output is used by Xcode 'outputs' to avoid re-running this script phase.\necho \"SUCCESS\" > \"${SCRIPT_OUTPUT_FILE_0}\"\n";
			showEnvVarsInLog = 0;
		};
/* End PBXShellScriptBuildPhase section */

/* Begin PBXSourcesBuildPhase section */
		E8CCEA602503D12400FC0035 /* Sources */ = {
			isa = PBXSourcesBuildPhase;
			buildActionMask = 2147483647;
			files = (
				E8CCEA872503D6EF00FC0035 /* MovieModel.swift in Sources */,
				E8CCEA7D2503D29500FC0035 /* MoviesRepository.swift in Sources */,
				E8CCEA812503D2C000FC0035 /* MovieDTO.swift in Sources */,
				E8CCEA6C2503D12400FC0035 /* ViewController.swift in Sources */,
				E8CCEA682503D12400FC0035 /* AppDelegate.swift in Sources */,
				E8CCEA892503D73B00FC0035 /* MovieSearchQuery.swift in Sources */,
				E8CCEA6A2503D12400FC0035 /* SceneDelegate.swift in Sources */,
				E8CCEA852503D3BA00FC0035 /* MovieSearchViewModel.swift in Sources */,
			);
			runOnlyForDeploymentPostprocessing = 0;
		};
/* End PBXSourcesBuildPhase section */

/* Begin PBXVariantGroup section */
		E8CCEA6D2503D12400FC0035 /* Main.storyboard */ = {
			isa = PBXVariantGroup;
			children = (
				E8CCEA6E2503D12400FC0035 /* Base */,
			);
			name = Main.storyboard;
			sourceTree = "<group>";
		};
		E8CCEA722503D12700FC0035 /* LaunchScreen.storyboard */ = {
			isa = PBXVariantGroup;
			children = (
				E8CCEA732503D12700FC0035 /* Base */,
			);
			name = LaunchScreen.storyboard;
			sourceTree = "<group>";
		};
/* End PBXVariantGroup section */

/* Begin XCBuildConfiguration section */
		E8CCEA762503D12700FC0035 /* Debug */ = {
			isa = XCBuildConfiguration;
			buildSettings = {
				ALWAYS_SEARCH_USER_PATHS = NO;
				CLANG_ANALYZER_NONNULL = YES;
				CLANG_ANALYZER_NUMBER_OBJECT_CONVERSION = YES_AGGRESSIVE;
				CLANG_CXX_LANGUAGE_STANDARD = "gnu++14";
				CLANG_CXX_LIBRARY = "libc++";
				CLANG_ENABLE_MODULES = YES;
				CLANG_ENABLE_OBJC_ARC = YES;
				CLANG_ENABLE_OBJC_WEAK = YES;
				CLANG_WARN_BLOCK_CAPTURE_AUTORELEASING = YES;
				CLANG_WARN_BOOL_CONVERSION = YES;
				CLANG_WARN_COMMA = YES;
				CLANG_WARN_CONSTANT_CONVERSION = YES;
				CLANG_WARN_DEPRECATED_OBJC_IMPLEMENTATIONS = YES;
				CLANG_WARN_DIRECT_OBJC_ISA_USAGE = YES_ERROR;
				CLANG_WARN_DOCUMENTATION_COMMENTS = YES;
				CLANG_WARN_EMPTY_BODY = YES;
				CLANG_WARN_ENUM_CONVERSION = YES;
				CLANG_WARN_INFINITE_RECURSION = YES;
				CLANG_WARN_INT_CONVERSION = YES;
				CLANG_WARN_NON_LITERAL_NULL_CONVERSION = YES;
				CLANG_WARN_OBJC_IMPLICIT_RETAIN_SELF = YES;
				CLANG_WARN_OBJC_LITERAL_CONVERSION = YES;
				CLANG_WARN_OBJC_ROOT_CLASS = YES_ERROR;
				CLANG_WARN_RANGE_LOOP_ANALYSIS = YES;
				CLANG_WARN_STRICT_PROTOTYPES = YES;
				CLANG_WARN_SUSPICIOUS_MOVE = YES;
				CLANG_WARN_UNGUARDED_AVAILABILITY = YES_AGGRESSIVE;
				CLANG_WARN_UNREACHABLE_CODE = YES;
				CLANG_WARN__DUPLICATE_METHOD_MATCH = YES;
				COPY_PHASE_STRIP = NO;
				DEBUG_INFORMATION_FORMAT = dwarf;
				ENABLE_STRICT_OBJC_MSGSEND = YES;
				ENABLE_TESTABILITY = YES;
				GCC_C_LANGUAGE_STANDARD = gnu11;
				GCC_DYNAMIC_NO_PIC = NO;
				GCC_NO_COMMON_BLOCKS = YES;
				GCC_OPTIMIZATION_LEVEL = 0;
				GCC_PREPROCESSOR_DEFINITIONS = (
					"DEBUG=1",
					"$(inherited)",
				);
				GCC_WARN_64_TO_32_BIT_CONVERSION = YES;
				GCC_WARN_ABOUT_RETURN_TYPE = YES_ERROR;
				GCC_WARN_UNDECLARED_SELECTOR = YES;
				GCC_WARN_UNINITIALIZED_AUTOS = YES_AGGRESSIVE;
				GCC_WARN_UNUSED_FUNCTION = YES;
				GCC_WARN_UNUSED_VARIABLE = YES;
				IPHONEOS_DEPLOYMENT_TARGET = 13.7;
				MTL_ENABLE_DEBUG_INFO = INCLUDE_SOURCE;
				MTL_FAST_MATH = YES;
				ONLY_ACTIVE_ARCH = YES;
				SDKROOT = iphoneos;
				SWIFT_ACTIVE_COMPILATION_CONDITIONS = DEBUG;
				SWIFT_OPTIMIZATION_LEVEL = "-Onone";
			};
			name = Debug;
		};
		E8CCEA772503D12700FC0035 /* Release */ = {
			isa = XCBuildConfiguration;
			buildSettings = {
				ALWAYS_SEARCH_USER_PATHS = NO;
				CLANG_ANALYZER_NONNULL = YES;
				CLANG_ANALYZER_NUMBER_OBJECT_CONVERSION = YES_AGGRESSIVE;
				CLANG_CXX_LANGUAGE_STANDARD = "gnu++14";
				CLANG_CXX_LIBRARY = "libc++";
				CLANG_ENABLE_MODULES = YES;
				CLANG_ENABLE_OBJC_ARC = YES;
				CLANG_ENABLE_OBJC_WEAK = YES;
				CLANG_WARN_BLOCK_CAPTURE_AUTORELEASING = YES;
				CLANG_WARN_BOOL_CONVERSION = YES;
				CLANG_WARN_COMMA = YES;
				CLANG_WARN_CONSTANT_CONVERSION = YES;
				CLANG_WARN_DEPRECATED_OBJC_IMPLEMENTATIONS = YES;
				CLANG_WARN_DIRECT_OBJC_ISA_USAGE = YES_ERROR;
				CLANG_WARN_DOCUMENTATION_COMMENTS = YES;
				CLANG_WARN_EMPTY_BODY = YES;
				CLANG_WARN_ENUM_CONVERSION = YES;
				CLANG_WARN_INFINITE_RECURSION = YES;
				CLANG_WARN_INT_CONVERSION = YES;
				CLANG_WARN_NON_LITERAL_NULL_CONVERSION = YES;
				CLANG_WARN_OBJC_IMPLICIT_RETAIN_SELF = YES;
				CLANG_WARN_OBJC_LITERAL_CONVERSION = YES;
				CLANG_WARN_OBJC_ROOT_CLASS = YES_ERROR;
				CLANG_WARN_RANGE_LOOP_ANALYSIS = YES;
				CLANG_WARN_STRICT_PROTOTYPES = YES;
				CLANG_WARN_SUSPICIOUS_MOVE = YES;
				CLANG_WARN_UNGUARDED_AVAILABILITY = YES_AGGRESSIVE;
				CLANG_WARN_UNREACHABLE_CODE = YES;
				CLANG_WARN__DUPLICATE_METHOD_MATCH = YES;
				COPY_PHASE_STRIP = NO;
				DEBUG_INFORMATION_FORMAT = "dwarf-with-dsym";
				ENABLE_NS_ASSERTIONS = NO;
				ENABLE_STRICT_OBJC_MSGSEND = YES;
				GCC_C_LANGUAGE_STANDARD = gnu11;
				GCC_NO_COMMON_BLOCKS = YES;
				GCC_WARN_64_TO_32_BIT_CONVERSION = YES;
				GCC_WARN_ABOUT_RETURN_TYPE = YES_ERROR;
				GCC_WARN_UNDECLARED_SELECTOR = YES;
				GCC_WARN_UNINITIALIZED_AUTOS = YES_AGGRESSIVE;
				GCC_WARN_UNUSED_FUNCTION = YES;
				GCC_WARN_UNUSED_VARIABLE = YES;
				IPHONEOS_DEPLOYMENT_TARGET = 13.7;
				MTL_ENABLE_DEBUG_INFO = NO;
				MTL_FAST_MATH = YES;
				SDKROOT = iphoneos;
				SWIFT_COMPILATION_MODE = wholemodule;
				SWIFT_OPTIMIZATION_LEVEL = "-O";
				VALIDATE_PRODUCT = YES;
			};
			name = Release;
		};
		E8CCEA792503D12700FC0035 /* Debug */ = {
			isa = XCBuildConfiguration;
			baseConfigurationReference = F12C0381044472AC93E5ADE1 /* Pods-TheMovieSearcher.debug.xcconfig */;
			buildSettings = {
				ASSETCATALOG_COMPILER_APPICON_NAME = AppIcon;
				CODE_SIGN_STYLE = Automatic;
				INFOPLIST_FILE = TheMovieSearcher/Info.plist;
				LD_RUNPATH_SEARCH_PATHS = (
					"$(inherited)",
					"@executable_path/Frameworks",
				);
				PRODUCT_BUNDLE_IDENTIFIER = sefl.rx.learningProjects.TheMovieSearcher;
				PRODUCT_NAME = "$(TARGET_NAME)";
				SWIFT_VERSION = 5.0;
				TARGETED_DEVICE_FAMILY = "1,2";
			};
			name = Debug;
		};
		E8CCEA7A2503D12700FC0035 /* Release */ = {
			isa = XCBuildConfiguration;
			baseConfigurationReference = A2098F38788BE1D72F1C5651 /* Pods-TheMovieSearcher.release.xcconfig */;
			buildSettings = {
				ASSETCATALOG_COMPILER_APPICON_NAME = AppIcon;
				CODE_SIGN_STYLE = Automatic;
				INFOPLIST_FILE = TheMovieSearcher/Info.plist;
				LD_RUNPATH_SEARCH_PATHS = (
					"$(inherited)",
					"@executable_path/Frameworks",
				);
				PRODUCT_BUNDLE_IDENTIFIER = sefl.rx.learningProjects.TheMovieSearcher;
				PRODUCT_NAME = "$(TARGET_NAME)";
				SWIFT_VERSION = 5.0;
				TARGETED_DEVICE_FAMILY = "1,2";
			};
			name = Release;
		};
/* End XCBuildConfiguration section */

/* Begin XCConfigurationList section */
		E8CCEA5F2503D12400FC0035 /* Build configuration list for PBXProject "TheMovieSearcher" */ = {
			isa = XCConfigurationList;
			buildConfigurations = (
				E8CCEA762503D12700FC0035 /* Debug */,
				E8CCEA772503D12700FC0035 /* Release */,
			);
			defaultConfigurationIsVisible = 0;
			defaultConfigurationName = Release;
		};
		E8CCEA782503D12700FC0035 /* Build configuration list for PBXNativeTarget "TheMovieSearcher" */ = {
			isa = XCConfigurationList;
			buildConfigurations = (
				E8CCEA792503D12700FC0035 /* Debug */,
				E8CCEA7A2503D12700FC0035 /* Release */,
			);
			defaultConfigurationIsVisible = 0;
			defaultConfigurationName = Release;
		};
/* End XCConfigurationList section */
	};
	rootObject = E8CCEA5C2503D12400FC0035 /* Project object */;
}
